// !$*UTF8*$!
{
	archiveVersion = 1;
	classes = {
	};
	objectVersion = 48;
	objects = {

/* Begin PBXBuildFile section */
		646B79C620DFA24600B36823 /* AppDelegate.swift in Sources */ = {isa = PBXBuildFile; fileRef = 646B79C520DFA24600B36823 /* AppDelegate.swift */; };
		646B79CB20DFA24600B36823 /* Main.storyboard in Resources */ = {isa = PBXBuildFile; fileRef = 646B79C920DFA24600B36823 /* Main.storyboard */; };
		646B79CD20DFA24600B36823 /* Assets.xcassets in Resources */ = {isa = PBXBuildFile; fileRef = 646B79CC20DFA24600B36823 /* Assets.xcassets */; };
		646B79D020DFA24600B36823 /* LaunchScreen.storyboard in Resources */ = {isa = PBXBuildFile; fileRef = 646B79CE20DFA24600B36823 /* LaunchScreen.storyboard */; };
		646B79DF20DFA2BF00B36823 /* HomeViewController.swift in Sources */ = {isa = PBXBuildFile; fileRef = 646B79D720DFA2BE00B36823 /* HomeViewController.swift */; };
		646B79E020DFA2BF00B36823 /* BaseCell.swift in Sources */ = {isa = PBXBuildFile; fileRef = 646B79D820DFA2BF00B36823 /* BaseCell.swift */; };
		646B79E120DFA2BF00B36823 /* BLE.swift in Sources */ = {isa = PBXBuildFile; fileRef = 646B79D920DFA2BF00B36823 /* BLE.swift */; };
		646B79E220DFA2BF00B36823 /* BLETableViewController.swift in Sources */ = {isa = PBXBuildFile; fileRef = 646B79DA20DFA2BF00B36823 /* BLETableViewController.swift */; };
		646B79E320DFA2BF00B36823 /* BLECell.swift in Sources */ = {isa = PBXBuildFile; fileRef = 646B79DB20DFA2BF00B36823 /* BLECell.swift */; };
		646B79E520DFA2BF00B36823 /* Globals.swift in Sources */ = {isa = PBXBuildFile; fileRef = 646B79DD20DFA2BF00B36823 /* Globals.swift */; };
		646B79E620DFA2BF00B36823 /* Extensions.swift in Sources */ = {isa = PBXBuildFile; fileRef = 646B79DE20DFA2BF00B36823 /* Extensions.swift */; };
		F0B37FABE1E24D0AFB4F4977 /* Pods_RoboTooth.framework in Frameworks */ = {isa = PBXBuildFile; fileRef = B89503174255C5227F82DF45 /* Pods_RoboTooth.framework */; };
/* End PBXBuildFile section */

/* Begin PBXFileReference section */
		646B79C220DFA24600B36823 /* RoboTooth.app */ = {isa = PBXFileReference; explicitFileType = wrapper.application; includeInIndex = 0; path = RoboTooth.app; sourceTree = BUILT_PRODUCTS_DIR; };
		646B79C520DFA24600B36823 /* AppDelegate.swift */ = {isa = PBXFileReference; lastKnownFileType = sourcecode.swift; path = AppDelegate.swift; sourceTree = "<group>"; };
		646B79CA20DFA24600B36823 /* Base */ = {isa = PBXFileReference; lastKnownFileType = file.storyboard; name = Base; path = Base.lproj/Main.storyboard; sourceTree = "<group>"; };
		646B79CC20DFA24600B36823 /* Assets.xcassets */ = {isa = PBXFileReference; lastKnownFileType = folder.assetcatalog; path = Assets.xcassets; sourceTree = "<group>"; };
		646B79CF20DFA24600B36823 /* Base */ = {isa = PBXFileReference; lastKnownFileType = file.storyboard; name = Base; path = Base.lproj/LaunchScreen.storyboard; sourceTree = "<group>"; };
		646B79D120DFA24600B36823 /* Info.plist */ = {isa = PBXFileReference; lastKnownFileType = text.plist.xml; path = Info.plist; sourceTree = "<group>"; };
		646B79D720DFA2BE00B36823 /* HomeViewController.swift */ = {isa = PBXFileReference; fileEncoding = 4; lastKnownFileType = sourcecode.swift; path = HomeViewController.swift; sourceTree = "<group>"; };
		646B79D820DFA2BF00B36823 /* BaseCell.swift */ = {isa = PBXFileReference; fileEncoding = 4; lastKnownFileType = sourcecode.swift; path = BaseCell.swift; sourceTree = "<group>"; };
		646B79D920DFA2BF00B36823 /* BLE.swift */ = {isa = PBXFileReference; fileEncoding = 4; lastKnownFileType = sourcecode.swift; path = BLE.swift; sourceTree = "<group>"; };
		646B79DA20DFA2BF00B36823 /* BLETableViewController.swift */ = {isa = PBXFileReference; fileEncoding = 4; lastKnownFileType = sourcecode.swift; path = BLETableViewController.swift; sourceTree = "<group>"; };
		646B79DB20DFA2BF00B36823 /* BLECell.swift */ = {isa = PBXFileReference; fileEncoding = 4; lastKnownFileType = sourcecode.swift; path = BLECell.swift; sourceTree = "<group>"; };
		646B79DD20DFA2BF00B36823 /* Globals.swift */ = {isa = PBXFileReference; fileEncoding = 4; lastKnownFileType = sourcecode.swift; path = Globals.swift; sourceTree = "<group>"; };
		646B79DE20DFA2BF00B36823 /* Extensions.swift */ = {isa = PBXFileReference; fileEncoding = 4; lastKnownFileType = sourcecode.swift; path = Extensions.swift; sourceTree = "<group>"; };
		B89503174255C5227F82DF45 /* Pods_RoboTooth.framework */ = {isa = PBXFileReference; explicitFileType = wrapper.framework; includeInIndex = 0; path = Pods_RoboTooth.framework; sourceTree = BUILT_PRODUCTS_DIR; };
		DF287887289AB6002B9901A3 /* Pods-RoboTooth.release.xcconfig */ = {isa = PBXFileReference; includeInIndex = 1; lastKnownFileType = text.xcconfig; name = "Pods-RoboTooth.release.xcconfig"; path = "Pods/Target Support Files/Pods-RoboTooth/Pods-RoboTooth.release.xcconfig"; sourceTree = "<group>"; };
		E4BDAA8990E492E76CD7F750 /* Pods-RoboTooth.debug.xcconfig */ = {isa = PBXFileReference; includeInIndex = 1; lastKnownFileType = text.xcconfig; name = "Pods-RoboTooth.debug.xcconfig"; path = "Pods/Target Support Files/Pods-RoboTooth/Pods-RoboTooth.debug.xcconfig"; sourceTree = "<group>"; };
/* End PBXFileReference section */

/* Begin PBXFrameworksBuildPhase section */
		646B79BF20DFA24600B36823 /* Frameworks */ = {
			isa = PBXFrameworksBuildPhase;
			buildActionMask = 2147483647;
			files = (
				F0B37FABE1E24D0AFB4F4977 /* Pods_RoboTooth.framework in Frameworks */,
			);
			runOnlyForDeploymentPostprocessing = 0;
		};
/* End PBXFrameworksBuildPhase section */

/* Begin PBXGroup section */
		646B79B920DFA24500B36823 = {
			isa = PBXGroup;
			children = (
				646B79C420DFA24600B36823 /* RoboTooth */,
				646B79C320DFA24600B36823 /* Products */,
				FD5348E4367B66315C70196F /* Pods */,
				A816E675915F9D82FF1BE010 /* Frameworks */,
			);
			sourceTree = "<group>";
		};
		646B79C320DFA24600B36823 /* Products */ = {
			isa = PBXGroup;
			children = (
				646B79C220DFA24600B36823 /* RoboTooth.app */,
			);
			name = Products;
			sourceTree = "<group>";
		};
		646B79C420DFA24600B36823 /* RoboTooth */ = {
			isa = PBXGroup;
			children = (
				64AB6F3820DFAAF000107DC9 /* App */,
				64AB6F3920DFAAFC00107DC9 /* Models */,
				64AB6F3A20DFAB3D00107DC9 /* Views */,
				64AB6F3B20DFAB4900107DC9 /* Controllers */,
				64AB6F3C20DFAB7500107DC9 /* Helpers */,
				646B79C920DFA24600B36823 /* Main.storyboard */,
				646B79CC20DFA24600B36823 /* Assets.xcassets */,
				646B79CE20DFA24600B36823 /* LaunchScreen.storyboard */,
				646B79D120DFA24600B36823 /* Info.plist */,
			);
			path = RoboTooth;
			sourceTree = "<group>";
		};
		64AB6F3820DFAAF000107DC9 /* App */ = {
			isa = PBXGroup;
			children = (
				646B79C520DFA24600B36823 /* AppDelegate.swift */,
			);
			path = App;
			sourceTree = "<group>";
		};
		64AB6F3920DFAAFC00107DC9 /* Models */ = {
			isa = PBXGroup;
			children = (
				646B79D920DFA2BF00B36823 /* BLE.swift */,
			);
			path = Models;
			sourceTree = "<group>";
		};
		64AB6F3A20DFAB3D00107DC9 /* Views */ = {
			isa = PBXGroup;
			children = (
				646B79D820DFA2BF00B36823 /* BaseCell.swift */,
				646B79DB20DFA2BF00B36823 /* BLECell.swift */,
			);
			path = Views;
			sourceTree = "<group>";
		};
		64AB6F3B20DFAB4900107DC9 /* Controllers */ = {
			isa = PBXGroup;
			children = (
				646B79DA20DFA2BF00B36823 /* BLETableViewController.swift */,
				646B79D720DFA2BE00B36823 /* HomeViewController.swift */,
			);
			path = Controllers;
			sourceTree = "<group>";
		};
		64AB6F3C20DFAB7500107DC9 /* Helpers */ = {
			isa = PBXGroup;
			children = (
				646B79DE20DFA2BF00B36823 /* Extensions.swift */,
				646B79DD20DFA2BF00B36823 /* Globals.swift */,
			);
			path = Helpers;
			sourceTree = "<group>";
		};
		A816E675915F9D82FF1BE010 /* Frameworks */ = {
			isa = PBXGroup;
			children = (
				B89503174255C5227F82DF45 /* Pods_RoboTooth.framework */,
			);
			name = Frameworks;
			sourceTree = "<group>";
		};
		FD5348E4367B66315C70196F /* Pods */ = {
			isa = PBXGroup;
			children = (
				E4BDAA8990E492E76CD7F750 /* Pods-RoboTooth.debug.xcconfig */,
				DF287887289AB6002B9901A3 /* Pods-RoboTooth.release.xcconfig */,
			);
			name = Pods;
			sourceTree = "<group>";
		};
/* End PBXGroup section */

/* Begin PBXNativeTarget section */
		646B79C120DFA24600B36823 /* RoboTooth */ = {
			isa = PBXNativeTarget;
			buildConfigurationList = 646B79D420DFA24600B36823 /* Build configuration list for PBXNativeTarget "RoboTooth" */;
			buildPhases = (
				2006267770628D9C318D34F8 /* [CP] Check Pods Manifest.lock */,
				646B79BE20DFA24600B36823 /* Sources */,
				646B79BF20DFA24600B36823 /* Frameworks */,
				646B79C020DFA24600B36823 /* Resources */,
				62D827569683C9FA179F47A2 /* [CP] Embed Pods Frameworks */,
				BDD436D5D62D6464F724BB44 /* [CP] Copy Pods Resources */,
			);
			buildRules = (
			);
			dependencies = (
			);
			name = RoboTooth;
			productName = RoboTooth;
			productReference = 646B79C220DFA24600B36823 /* RoboTooth.app */;
			productType = "com.apple.product-type.application";
		};
/* End PBXNativeTarget section */

/* Begin PBXProject section */
		646B79BA20DFA24500B36823 /* Project object */ = {
			isa = PBXProject;
			attributes = {
				LastSwiftUpdateCheck = 0920;
				LastUpgradeCheck = 0920;
				ORGANIZATIONNAME = "Binary Torch";
				TargetAttributes = {
					646B79C120DFA24600B36823 = {
						CreatedOnToolsVersion = 9.2;
						ProvisioningStyle = Automatic;
					};
				};
			};
			buildConfigurationList = 646B79BD20DFA24500B36823 /* Build configuration list for PBXProject "RoboTooth" */;
			compatibilityVersion = "Xcode 8.0";
			developmentRegion = en;
			hasScannedForEncodings = 0;
			knownRegions = (
				en,
				Base,
			);
			mainGroup = 646B79B920DFA24500B36823;
			productRefGroup = 646B79C320DFA24600B36823 /* Products */;
			projectDirPath = "";
			projectRoot = "";
			targets = (
				646B79C120DFA24600B36823 /* RoboTooth */,
			);
		};
/* End PBXProject section */

/* Begin PBXResourcesBuildPhase section */
		646B79C020DFA24600B36823 /* Resources */ = {
			isa = PBXResourcesBuildPhase;
			buildActionMask = 2147483647;
			files = (
				646B79D020DFA24600B36823 /* LaunchScreen.storyboard in Resources */,
				646B79CD20DFA24600B36823 /* Assets.xcassets in Resources */,
				646B79CB20DFA24600B36823 /* Main.storyboard in Resources */,
			);
			runOnlyForDeploymentPostprocessing = 0;
		};
/* End PBXResourcesBuildPhase section */

/* Begin PBXShellScriptBuildPhase section */
		2006267770628D9C318D34F8 /* [CP] Check Pods Manifest.lock */ = {
			isa = PBXShellScriptBuildPhase;
			buildActionMask = 2147483647;
			files = (
			);
			inputPaths = (
				"${PODS_PODFILE_DIR_PATH}/Podfile.lock",
				"${PODS_ROOT}/Manifest.lock",
			);
			name = "[CP] Check Pods Manifest.lock";
			outputPaths = (
				"$(DERIVED_FILE_DIR)/Pods-RoboTooth-checkManifestLockResult.txt",
			);
			runOnlyForDeploymentPostprocessing = 0;
			shellPath = /bin/sh;
			shellScript = "diff \"${PODS_PODFILE_DIR_PATH}/Podfile.lock\" \"${PODS_ROOT}/Manifest.lock\" > /dev/null\nif [ $? != 0 ] ; then\n    # print error to STDERR\n    echo \"error: The sandbox is not in sync with the Podfile.lock. Run 'pod install' or update your CocoaPods installation.\" >&2\n    exit 1\nfi\n# This output is used by Xcode 'outputs' to avoid re-running this script phase.\necho \"SUCCESS\" > \"${SCRIPT_OUTPUT_FILE_0}\"\n";
			showEnvVarsInLog = 0;
		};
		62D827569683C9FA179F47A2 /* [CP] Embed Pods Frameworks */ = {
			isa = PBXShellScriptBuildPhase;
			buildActionMask = 2147483647;
			files = (
			);
			inputPaths = (
				"${SRCROOT}/Pods/Target Support Files/Pods-RoboTooth/Pods-RoboTooth-frameworks.sh",
				"${BUILT_PRODUCTS_DIR}/SimpleAnimation/SimpleAnimation.framework",
			);
			name = "[CP] Embed Pods Frameworks";
			outputPaths = (
				"${TARGET_BUILD_DIR}/${FRAMEWORKS_FOLDER_PATH}/SimpleAnimation.framework",
			);
			runOnlyForDeploymentPostprocessing = 0;
			shellPath = /bin/sh;
			shellScript = "\"${SRCROOT}/Pods/Target Support Files/Pods-RoboTooth/Pods-RoboTooth-frameworks.sh\"\n";
			showEnvVarsInLog = 0;
		};
		BDD436D5D62D6464F724BB44 /* [CP] Copy Pods Resources */ = {
			isa = PBXShellScriptBuildPhase;
			buildActionMask = 2147483647;
			files = (
			);
			inputPaths = (
			);
			name = "[CP] Copy Pods Resources";
			outputPaths = (
			);
			runOnlyForDeploymentPostprocessing = 0;
			shellPath = /bin/sh;
			shellScript = "\"${SRCROOT}/Pods/Target Support Files/Pods-RoboTooth/Pods-RoboTooth-resources.sh\"\n";
			showEnvVarsInLog = 0;
		};
/* End PBXShellScriptBuildPhase section */

/* Begin PBXSourcesBuildPhase section */
		646B79BE20DFA24600B36823 /* Sources */ = {
			isa = PBXSourcesBuildPhase;
			buildActionMask = 2147483647;
			files = (
				646B79C620DFA24600B36823 /* AppDelegate.swift in Sources */,
				646B79E620DFA2BF00B36823 /* Extensions.swift in Sources */,
				646B79E020DFA2BF00B36823 /* BaseCell.swift in Sources */,
				646B79DF20DFA2BF00B36823 /* HomeViewController.swift in Sources */,
				646B79E220DFA2BF00B36823 /* BLETableViewController.swift in Sources */,
				646B79E520DFA2BF00B36823 /* Globals.swift in Sources */,
				646B79E120DFA2BF00B36823 /* BLE.swift in Sources */,
				646B79E320DFA2BF00B36823 /* BLECell.swift in Sources */,
			);
			runOnlyForDeploymentPostprocessing = 0;
		};
/* End PBXSourcesBuildPhase section */

/* Begin PBXVariantGroup section */
		646B79C920DFA24600B36823 /* Main.storyboard */ = {
			isa = PBXVariantGroup;
			children = (
				646B79CA20DFA24600B36823 /* Base */,
			);
			name = Main.storyboard;
			sourceTree = "<group>";
		};
		646B79CE20DFA24600B36823 /* LaunchScreen.storyboard */ = {
			isa = PBXVariantGroup;
			children = (
				646B79CF20DFA24600B36823 /* Base */,
			);
			name = LaunchScreen.storyboard;
			sourceTree = "<group>";
		};
/* End PBXVariantGroup section */

/* Begin XCBuildConfiguration section */
		646B79D220DFA24600B36823 /* Debug */ = {
			isa = XCBuildConfiguration;
			buildSettings = {
				ALWAYS_SEARCH_USER_PATHS = NO;
				CLANG_ANALYZER_NONNULL = YES;
				CLANG_ANALYZER_NUMBER_OBJECT_CONVERSION = YES_AGGRESSIVE;
				CLANG_CXX_LANGUAGE_STANDARD = "gnu++14";
				CLANG_CXX_LIBRARY = "libc++";
				CLANG_ENABLE_MODULES = YES;
				CLANG_ENABLE_OBJC_ARC = YES;
				CLANG_WARN_BLOCK_CAPTURE_AUTORELEASING = YES;
				CLANG_WARN_BOOL_CONVERSION = YES;
				CLANG_WARN_COMMA = YES;
				CLANG_WARN_CONSTANT_CONVERSION = YES;
				CLANG_WARN_DIRECT_OBJC_ISA_USAGE = YES_ERROR;
				CLANG_WARN_DOCUMENTATION_COMMENTS = YES;
				CLANG_WARN_EMPTY_BODY = YES;
				CLANG_WARN_ENUM_CONVERSION = YES;
				CLANG_WARN_INFINITE_RECURSION = YES;
				CLANG_WARN_INT_CONVERSION = YES;
				CLANG_WARN_NON_LITERAL_NULL_CONVERSION = YES;
				CLANG_WARN_OBJC_LITERAL_CONVERSION = YES;
				CLANG_WARN_OBJC_ROOT_CLASS = YES_ERROR;
				CLANG_WARN_RANGE_LOOP_ANALYSIS = YES;
				CLANG_WARN_STRICT_PROTOTYPES = YES;
				CLANG_WARN_SUSPICIOUS_MOVE = YES;
				CLANG_WARN_UNGUARDED_AVAILABILITY = YES_AGGRESSIVE;
				CLANG_WARN_UNREACHABLE_CODE = YES;
				CLANG_WARN__DUPLICATE_METHOD_MATCH = YES;
				CODE_SIGN_IDENTITY = "iPhone Developer";
				COPY_PHASE_STRIP = NO;
				DEBUG_INFORMATION_FORMAT = dwarf;
				ENABLE_STRICT_OBJC_MSGSEND = YES;
				ENABLE_TESTABILITY = YES;
				GCC_C_LANGUAGE_STANDARD = gnu11;
				GCC_DYNAMIC_NO_PIC = NO;
				GCC_NO_COMMON_BLOCKS = YES;
				GCC_OPTIMIZATION_LEVEL = 0;
				GCC_PREPROCESSOR_DEFINITIONS = (
					"DEBUG=1",
					"$(inherited)",
				);
				GCC_WARN_64_TO_32_BIT_CONVERSION = YES;
				GCC_WARN_ABOUT_RETURN_TYPE = YES_ERROR;
				GCC_WARN_UNDECLARED_SELECTOR = YES;
				GCC_WARN_UNINITIALIZED_AUTOS = YES_AGGRESSIVE;
				GCC_WARN_UNUSED_FUNCTION = YES;
				GCC_WARN_UNUSED_VARIABLE = YES;
				IPHONEOS_DEPLOYMENT_TARGET = 11.2;
				MTL_ENABLE_DEBUG_INFO = YES;
				ONLY_ACTIVE_ARCH = YES;
				SDKROOT = iphoneos;
				SWIFT_ACTIVE_COMPILATION_CONDITIONS = DEBUG;
				SWIFT_OPTIMIZATION_LEVEL = "-Onone";
			};
			name = Debug;
		};
		646B79D320DFA24600B36823 /* Release */ = {
			isa = XCBuildConfiguration;
			buildSettings = {
				ALWAYS_SEARCH_USER_PATHS = NO;
				CLANG_ANALYZER_NONNULL = YES;
				CLANG_ANALYZER_NUMBER_OBJECT_CONVERSION = YES_AGGRESSIVE;
				CLANG_CXX_LANGUAGE_STANDARD = "gnu++14";
				CLANG_CXX_LIBRARY = "libc++";
				CLANG_ENABLE_MODULES = YES;
				CLANG_ENABLE_OBJC_ARC = YES;
				CLANG_WARN_BLOCK_CAPTURE_AUTORELEASING = YES;
				CLANG_WARN_BOOL_CONVERSION = YES;
				CLANG_WARN_COMMA = YES;
				CLANG_WARN_CONSTANT_CONVERSION = YES;
				CLANG_WARN_DIRECT_OBJC_ISA_USAGE = YES_ERROR;
				CLANG_WARN_DOCUMENTATION_COMMENTS = YES;
				CLANG_WARN_EMPTY_BODY = YES;
				CLANG_WARN_ENUM_CONVERSION = YES;
				CLANG_WARN_INFINITE_RECURSION = YES;
				CLANG_WARN_INT_CONVERSION = YES;
				CLANG_WARN_NON_LITERAL_NULL_CONVERSION = YES;
				CLANG_WARN_OBJC_LITERAL_CONVERSION = YES;
				CLANG_WARN_OBJC_ROOT_CLASS = YES_ERROR;
				CLANG_WARN_RANGE_LOOP_ANALYSIS = YES;
				CLANG_WARN_STRICT_PROTOTYPES = YES;
				CLANG_WARN_SUSPICIOUS_MOVE = YES;
				CLANG_WARN_UNGUARDED_AVAILABILITY = YES_AGGRESSIVE;
				CLANG_WARN_UNREACHABLE_CODE = YES;
				CLANG_WARN__DUPLICATE_METHOD_MATCH = YES;
				CODE_SIGN_IDENTITY = "iPhone Developer";
				COPY_PHASE_STRIP = NO;
				DEBUG_INFORMATION_FORMAT = "dwarf-with-dsym";
				ENABLE_NS_ASSERTIONS = NO;
				ENABLE_STRICT_OBJC_MSGSEND = YES;
				GCC_C_LANGUAGE_STANDARD = gnu11;
				GCC_NO_COMMON_BLOCKS = YES;
				GCC_WARN_64_TO_32_BIT_CONVERSION = YES;
				GCC_WARN_ABOUT_RETURN_TYPE = YES_ERROR;
				GCC_WARN_UNDECLARED_SELECTOR = YES;
				GCC_WARN_UNINITIALIZED_AUTOS = YES_AGGRESSIVE;
				GCC_WARN_UNUSED_FUNCTION = YES;
				GCC_WARN_UNUSED_VARIABLE = YES;
				IPHONEOS_DEPLOYMENT_TARGET = 11.2;
				MTL_ENABLE_DEBUG_INFO = NO;
				SDKROOT = iphoneos;
				SWIFT_OPTIMIZATION_LEVEL = "-Owholemodule";
				VALIDATE_PRODUCT = YES;
			};
			name = Release;
		};
		646B79D520DFA24600B36823 /* Debug */ = {
			isa = XCBuildConfiguration;
			baseConfigurationReference = E4BDAA8990E492E76CD7F750 /* Pods-RoboTooth.debug.xcconfig */;
			buildSettings = {
				ASSETCATALOG_COMPILER_APPICON_NAME = AppIcon;
				CODE_SIGN_STYLE = Automatic;
				INFOPLIST_FILE = RoboTooth/Info.plist;
				IPHONEOS_DEPLOYMENT_TARGET = 11.0;
				LD_RUNPATH_SEARCH_PATHS = "$(inherited) @executable_path/Frameworks";
				PRODUCT_BUNDLE_IDENTIFIER = com.binarytorch.RoboTooth;
				PRODUCT_NAME = "$(TARGET_NAME)";
				SWIFT_VERSION = 4.0;
				TARGETED_DEVICE_FAMILY = 1;
			};
			name = Debug;
		};
		646B79D620DFA24600B36823 /* Release */ = {
			isa = XCBuildConfiguration;
			baseConfigurationReference = DF287887289AB6002B9901A3 /* Pods-RoboTooth.release.xcconfig */;
			buildSettings = {
				ASSETCATALOG_COMPILER_APPICON_NAME = AppIcon;
				CODE_SIGN_STYLE = Automatic;
				INFOPLIST_FILE = RoboTooth/Info.plist;
				IPHONEOS_DEPLOYMENT_TARGET = 11.0;
				LD_RUNPATH_SEARCH_PATHS = "$(inherited) @executable_path/Frameworks";
				PRODUCT_BUNDLE_IDENTIFIER = com.binarytorch.RoboTooth;
				PRODUCT_NAME = "$(TARGET_NAME)";
				SWIFT_VERSION = 4.0;
				TARGETED_DEVICE_FAMILY = 1;
			};
			name = Release;
		};
/* End XCBuildConfiguration section */

/* Begin XCConfigurationList section */
		646B79BD20DFA24500B36823 /* Build configuration list for PBXProject "RoboTooth" */ = {
			isa = XCConfigurationList;
			buildConfigurations = (
				646B79D220DFA24600B36823 /* Debug */,
				646B79D320DFA24600B36823 /* Release */,
			);
			defaultConfigurationIsVisible = 0;
			defaultConfigurationName = Release;
		};
		646B79D420DFA24600B36823 /* Build configuration list for PBXNativeTarget "RoboTooth" */ = {
			isa = XCConfigurationList;
			buildConfigurations = (
				646B79D520DFA24600B36823 /* Debug */,
				646B79D620DFA24600B36823 /* Release */,
			);
			defaultConfigurationIsVisible = 0;
			defaultConfigurationName = Release;
		};
/* End XCConfigurationList section */
	};
	rootObject = 646B79BA20DFA24500B36823 /* Project object */;
}
